
Microsoft Visual Studio Solution File, Format Version 12.00
# Visual Studio Version 16
VisualStudioVersion = 16.0.29728.190
MinimumVisualStudioVersion = 10.0.40219.1
Project("{2150E333-8FDC-42A3-9474-1A3956D46DE8}") = "1. Service Sample", "1. Service Sample", "{6095A5D8-659C-4D88-A92F-CCBB81C9FC7D}"
EndProject
Project("{2150E333-8FDC-42A3-9474-1A3956D46DE8}") = "2. Solutions Items", "2. Solutions Items", "{E3E98644-302D-4CA1-80F3-90D2F7FD1348}"
	ProjectSection(SolutionItems) = preProject
		NuGet.config = NuGet.config
		NerdAllDebug.Sample.yaml = NerdAllDebug.Sample.yaml
	EndProjectSection
EndProject
Project("{2150E333-8FDC-42A3-9474-1A3956D46DE8}") = "1. Host Layer", "1. Host Layer", "{A612286F-6D2B-493D-8C78-B68F44B02936}"
EndProject
Project("{2150E333-8FDC-42A3-9474-1A3956D46DE8}") = "2. Application Layer", "2. Application Layer", "{8839D585-03E1-4BBE-AAC6-731B40283DF9}"
EndProject
Project("{2150E333-8FDC-42A3-9474-1A3956D46DE8}") = "3. Service Layer", "3. Service Layer", "{06220CB1-E775-45FC-A244-67BD29FC43D8}"
EndProject
Project("{2150E333-8FDC-42A3-9474-1A3956D46DE8}") = "4. Infrastructure Layer", "4. Infrastructure Layer", "{BD20C5CD-36A8-45B1-8ED6-947294A8DA9A}"
EndProject
Project("{2150E333-8FDC-42A3-9474-1A3956D46DE8}") = "1. Api", "1. Api", "{D06693F3-F4E1-47E9-A711-57C0A62BDA7A}"
EndProject
Project("{2150E333-8FDC-42A3-9474-1A3956D46DE8}") = "1. Mappers", "1. Mappers", "{190E6C51-A33A-4A1F-A44C-1ABBFE09F0C5}"
EndProject
Project("{2150E333-8FDC-42A3-9474-1A3956D46DE8}") = "2. Services", "2. Services", "{875FCC9E-658F-413E-A191-AE599842A244}"
EndProject
Project("{2150E333-8FDC-42A3-9474-1A3956D46DE8}") = "3. Messages", "3. Messages", "{DBF61B8B-3F54-407C-918C-3FFC963FE81D}"
EndProject
Project("{2150E333-8FDC-42A3-9474-1A3956D46DE8}") = "1. Services", "1. Services", "{C3E0AB53-613D-48AA-89D4-3698E36B2354}"
EndProject
Project("{2150E333-8FDC-42A3-9474-1A3956D46DE8}") = "2. Models", "2. Models", "{80CD6BD6-5553-44D4-930E-170322DD4632}"
EndProject
Project("{2150E333-8FDC-42A3-9474-1A3956D46DE8}") = "1. Data", "1. Data", "{2682612A-6089-4357-A6BB-EB1E012AE201}"
EndProject
Project("{2150E333-8FDC-42A3-9474-1A3956D46DE8}") = "2. Cross Cutting", "2. Cross Cutting", "{CD515CB7-935E-40F5-AEB8-F49052393E73}"
EndProject
Project("{9A19103F-16F7-4668-BE54-9A1E7A4F7556}") = "NerdAllDebug.Sample.Host.Api", "NerdAllDebug.Sample.Host.Api\NerdAllDebug.Sample.Host.Api.csproj", "{DD8C3F13-FE2C-49B9-9BB9-A3CFC1D21392}"
EndProject
Project("{9A19103F-16F7-4668-BE54-9A1E7A4F7556}") = "NerdAllDebug.Sample.App.Mappers", "NerdAllDebug.Sample.App.Mappers\NerdAllDebug.Sample.App.Mappers.csproj", "{3BC706C1-F505-4CD8-99C9-28E7FA6BDCB5}"
EndProject
Project("{9A19103F-16F7-4668-BE54-9A1E7A4F7556}") = "NerdAllDebug.Sample.App.Services", "NerdAllDebug.Sample.App.Services\NerdAllDebug.Sample.App.Services.csproj", "{3EBA1DC4-6EB8-497F-A43D-61A4854D7EEE}"
EndProject
Project("{9A19103F-16F7-4668-BE54-9A1E7A4F7556}") = "NerdAllDebug.Sample.App.Services.Imp", "NerdAllDebug.Sample.App.Services.Imp\NerdAllDebug.Sample.App.Services.Imp.csproj", "{8A507AA1-BC71-4E0D-BF93-0C100C60FAB6}"
EndProject
Project("{9A19103F-16F7-4668-BE54-9A1E7A4F7556}") = "NerdAllDebug.Sample.App.Messages", "NerdAllDebug.Sample.App.Messages\NerdAllDebug.Sample.App.Messages.csproj", "{92346AF3-79FC-4E80-9241-1AC6211619A2}"
EndProject
Project("{9A19103F-16F7-4668-BE54-9A1E7A4F7556}") = "NerdAllDebug.Sample.Services", "NerdAllDebug.Sample.Services\NerdAllDebug.Sample.Services.csproj", "{0224986B-C333-49C0-ABAD-D3738D93F662}"
EndProject
Project("{9A19103F-16F7-4668-BE54-9A1E7A4F7556}") = "NerdAllDebug.Sample.Services.Imp", "NerdAllDebug.Sample.Services.Imp\NerdAllDebug.Sample.Services.Imp.csproj", "{A0599A2A-EAA5-474C-AA6C-A24168AEBC83}"
EndProject
Project("{9A19103F-16F7-4668-BE54-9A1E7A4F7556}") = "NerdAllDebug.Sample.Services.Model", "NerdAllDebug.Sample.Services.Model\NerdAllDebug.Sample.Services.Model.csproj", "{686CBF30-F6A5-4118-BD8E-ED147DF78E62}"
EndProject
Project("{9A19103F-16F7-4668-BE54-9A1E7A4F7556}") = "NerdAllDebug.Sample.Infra.DataAccess", "NerdAllDebug.Sample.Infra.DataAccess\NerdAllDebug.Sample.Infra.DataAccess.csproj", "{1334DCC7-5284-47B4-918A-ABCF1C3100BF}"
EndProject
Project("{9A19103F-16F7-4668-BE54-9A1E7A4F7556}") = "NerdAllDebug.Sample.Infra.CrossCutting.DI", "NerdAllDebug.Sample.Infra.CrossCutting.DI\NerdAllDebug.Sample.Infra.CrossCutting.DI.csproj", "{FF2B76A3-EB7A-4708-822B-54CD212B9F3A}"
EndProject
Project("{9A19103F-16F7-4668-BE54-9A1E7A4F7556}") = "NerdAllDebug.Sample.Infra.DataAccess.Oracle", "NerdAllDebug.Sample.Infra.DataAccess.Oracle\NerdAllDebug.Sample.Infra.DataAccess.Oracle.csproj", "{5737D483-20EC-419C-A42D-B29E7DA66B8A}"
EndProject
Project("{2150E333-8FDC-42A3-9474-1A3956D46DE8}") = "5. Test Layer", "5. Test Layer", "{A7894BA8-042D-4BC7-91EF-C833AA2E075D}"
EndProject
Project("{9A19103F-16F7-4668-BE54-9A1E7A4F7556}") = "NerdAllDebug.Sample.Services.Imp.Test", "NerdAllDebug.Sample.Services.Imp.Test\NerdAllDebug.Sample.Services.Imp.Test.csproj", "{7FBA8D6D-7095-49FC-8EB4-2977B7BCBEDB}"
EndProject
Project("{9A19103F-16F7-4668-BE54-9A1E7A4F7556}") = "NerdAllDebug.Sample.Services.Model.Test", "NerdAllDebug.Sample.Services.Model.Test\NerdAllDebug.Sample.Services.Model.Test.csproj", "{3199AD61-DB22-45C2-8746-A1DEA992EEBC}"
EndProject
Project("{2150E333-8FDC-42A3-9474-1A3956D46DE8}") = "2. Client", "2. Client", "{D25C3FB9-E465-4FCB-B1FC-917F3BD87BFE}"
EndProject
Project("{9A19103F-16F7-4668-BE54-9A1E7A4F7556}") = "NerdAllDebug.Sample.Host.Client", "NerdAllDebug.Sample.Host.Client\NerdAllDebug.Sample.Host.Client.csproj", "{8601B3F0-B18E-4B0E-9F77-D62904C41887}"
EndProject
Project("{2150E333-8FDC-42A3-9474-1A3956D46DE8}") = "3. Service Provider", "3. Service Provider", "{40D02707-9E2A-4000-A4C1-5AEDC279BDFB}"
EndProject
Project("{9A19103F-16F7-4668-BE54-9A1E7A4F7556}") = "NerdAllDebug.Sample.Infra.ServiceProvider.Xml", "NerdAllDebug.Sample.Infra.ServiceProvider.Xml\NerdAllDebug.Sample.Infra.ServiceProvider.Xml.csproj", "{75ABBDCA-881F-47E4-AC7E-FAE1ED717224}"
EndProject
Project("{9A19103F-16F7-4668-BE54-9A1E7A4F7556}") = "NerdAllDebug.Sample.Infra.ServiceProvider", "NerdAllDebug.Sample.Infra.ServiceProvider\NerdAllDebug.Sample.Infra.ServiceProvider.csproj", "{0091DF28-77B8-4D1F-9CA5-18987A89D39E}"
EndProject
Global
	GlobalSection(SolutionConfigurationPlatforms) = preSolution
		Debug|Any CPU = Debug|Any CPU
		Release|Any CPU = Release|Any CPU
	EndGlobalSection
	GlobalSection(ProjectConfigurationPlatforms) = postSolution
		{DD8C3F13-FE2C-49B9-9BB9-A3CFC1D21392}.Debug|Any CPU.ActiveCfg = Debug|Any CPU
		{DD8C3F13-FE2C-49B9-9BB9-A3CFC1D21392}.Debug|Any CPU.Build.0 = Debug|Any CPU
		{DD8C3F13-FE2C-49B9-9BB9-A3CFC1D21392}.Release|Any CPU.ActiveCfg = Release|Any CPU
		{DD8C3F13-FE2C-49B9-9BB9-A3CFC1D21392}.Release|Any CPU.Build.0 = Release|Any CPU
		{3BC706C1-F505-4CD8-99C9-28E7FA6BDCB5}.Debug|Any CPU.ActiveCfg = Debug|Any CPU
		{3BC706C1-F505-4CD8-99C9-28E7FA6BDCB5}.Debug|Any CPU.Build.0 = Debug|Any CPU
		{3BC706C1-F505-4CD8-99C9-28E7FA6BDCB5}.Release|Any CPU.ActiveCfg = Release|Any CPU
		{3BC706C1-F505-4CD8-99C9-28E7FA6BDCB5}.Release|Any CPU.Build.0 = Release|Any CPU
		{3EBA1DC4-6EB8-497F-A43D-61A4854D7EEE}.Debug|Any CPU.ActiveCfg = Debug|Any CPU
		{3EBA1DC4-6EB8-497F-A43D-61A4854D7EEE}.Debug|Any CPU.Build.0 = Debug|Any CPU
		{3EBA1DC4-6EB8-497F-A43D-61A4854D7EEE}.Release|Any CPU.ActiveCfg = Release|Any CPU
		{3EBA1DC4-6EB8-497F-A43D-61A4854D7EEE}.Release|Any CPU.Build.0 = Release|Any CPU
		{8A507AA1-BC71-4E0D-BF93-0C100C60FAB6}.Debug|Any CPU.ActiveCfg = Debug|Any CPU
		{8A507AA1-BC71-4E0D-BF93-0C100C60FAB6}.Debug|Any CPU.Build.0 = Debug|Any CPU
		{8A507AA1-BC71-4E0D-BF93-0C100C60FAB6}.Release|Any CPU.ActiveCfg = Release|Any CPU
		{8A507AA1-BC71-4E0D-BF93-0C100C60FAB6}.Release|Any CPU.Build.0 = Release|Any CPU
		{92346AF3-79FC-4E80-9241-1AC6211619A2}.Debug|Any CPU.ActiveCfg = Debug|Any CPU
		{92346AF3-79FC-4E80-9241-1AC6211619A2}.Debug|Any CPU.Build.0 = Debug|Any CPU
		{92346AF3-79FC-4E80-9241-1AC6211619A2}.Release|Any CPU.ActiveCfg = Release|Any CPU
		{92346AF3-79FC-4E80-9241-1AC6211619A2}.Release|Any CPU.Build.0 = Release|Any CPU
		{0224986B-C333-49C0-ABAD-D3738D93F662}.Debug|Any CPU.ActiveCfg = Debug|Any CPU
		{0224986B-C333-49C0-ABAD-D3738D93F662}.Debug|Any CPU.Build.0 = Debug|Any CPU
		{0224986B-C333-49C0-ABAD-D3738D93F662}.Release|Any CPU.ActiveCfg = Release|Any CPU
		{0224986B-C333-49C0-ABAD-D3738D93F662}.Release|Any CPU.Build.0 = Release|Any CPU
		{A0599A2A-EAA5-474C-AA6C-A24168AEBC83}.Debug|Any CPU.ActiveCfg = Debug|Any CPU
		{A0599A2A-EAA5-474C-AA6C-A24168AEBC83}.Debug|Any CPU.Build.0 = Debug|Any CPU
		{A0599A2A-EAA5-474C-AA6C-A24168AEBC83}.Release|Any CPU.ActiveCfg = Release|Any CPU
		{A0599A2A-EAA5-474C-AA6C-A24168AEBC83}.Release|Any CPU.Build.0 = Release|Any CPU
		{686CBF30-F6A5-4118-BD8E-ED147DF78E62}.Debug|Any CPU.ActiveCfg = Debug|Any CPU
		{686CBF30-F6A5-4118-BD8E-ED147DF78E62}.Debug|Any CPU.Build.0 = Debug|Any CPU
		{686CBF30-F6A5-4118-BD8E-ED147DF78E62}.Release|Any CPU.ActiveCfg = Release|Any CPU
		{686CBF30-F6A5-4118-BD8E-ED147DF78E62}.Release|Any CPU.Build.0 = Release|Any CPU
		{1334DCC7-5284-47B4-918A-ABCF1C3100BF}.Debug|Any CPU.ActiveCfg = Debug|Any CPU
		{1334DCC7-5284-47B4-918A-ABCF1C3100BF}.Debug|Any CPU.Build.0 = Debug|Any CPU
		{1334DCC7-5284-47B4-918A-ABCF1C3100BF}.Release|Any CPU.ActiveCfg = Release|Any CPU
		{1334DCC7-5284-47B4-918A-ABCF1C3100BF}.Release|Any CPU.Build.0 = Release|Any CPU
		{FF2B76A3-EB7A-4708-822B-54CD212B9F3A}.Debug|Any CPU.ActiveCfg = Debug|Any CPU
		{FF2B76A3-EB7A-4708-822B-54CD212B9F3A}.Debug|Any CPU.Build.0 = Debug|Any CPU
		{FF2B76A3-EB7A-4708-822B-54CD212B9F3A}.Release|Any CPU.ActiveCfg = Release|Any CPU
		{FF2B76A3-EB7A-4708-822B-54CD212B9F3A}.Release|Any CPU.Build.0 = Release|Any CPU
		{5737D483-20EC-419C-A42D-B29E7DA66B8A}.Debug|Any CPU.ActiveCfg = Debug|Any CPU
		{5737D483-20EC-419C-A42D-B29E7DA66B8A}.Debug|Any CPU.Build.0 = Debug|Any CPU
		{5737D483-20EC-419C-A42D-B29E7DA66B8A}.Release|Any CPU.ActiveCfg = Release|Any CPU
		{5737D483-20EC-419C-A42D-B29E7DA66B8A}.Release|Any CPU.Build.0 = Release|Any CPU
		{7FBA8D6D-7095-49FC-8EB4-2977B7BCBEDB}.Debug|Any CPU.ActiveCfg = Debug|Any CPU
		{7FBA8D6D-7095-49FC-8EB4-2977B7BCBEDB}.Debug|Any CPU.Build.0 = Debug|Any CPU
		{7FBA8D6D-7095-49FC-8EB4-2977B7BCBEDB}.Release|Any CPU.ActiveCfg = Release|Any CPU
		{7FBA8D6D-7095-49FC-8EB4-2977B7BCBEDB}.Release|Any CPU.Build.0 = Release|Any CPU
		{3199AD61-DB22-45C2-8746-A1DEA992EEBC}.Debug|Any CPU.ActiveCfg = Debug|Any CPU
		{3199AD61-DB22-45C2-8746-A1DEA992EEBC}.Debug|Any CPU.Build.0 = Debug|Any CPU
		{3199AD61-DB22-45C2-8746-A1DEA992EEBC}.Release|Any CPU.ActiveCfg = Release|Any CPU
		{3199AD61-DB22-45C2-8746-A1DEA992EEBC}.Release|Any CPU.Build.0 = Release|Any CPU
		{8601B3F0-B18E-4B0E-9F77-D62904C41887}.Debug|Any CPU.ActiveCfg = Debug|Any CPU
		{8601B3F0-B18E-4B0E-9F77-D62904C41887}.Debug|Any CPU.Build.0 = Debug|Any CPU
		{8601B3F0-B18E-4B0E-9F77-D62904C41887}.Release|Any CPU.ActiveCfg = Release|Any CPU
		{8601B3F0-B18E-4B0E-9F77-D62904C41887}.Release|Any CPU.Build.0 = Release|Any CPU
		{75ABBDCA-881F-47E4-AC7E-FAE1ED717224}.Debug|Any CPU.ActiveCfg = Debug|Any CPU
		{75ABBDCA-881F-47E4-AC7E-FAE1ED717224}.Debug|Any CPU.Build.0 = Debug|Any CPU
		{75ABBDCA-881F-47E4-AC7E-FAE1ED717224}.Release|Any CPU.ActiveCfg = Release|Any CPU
		{75ABBDCA-881F-47E4-AC7E-FAE1ED717224}.Release|Any CPU.Build.0 = Release|Any CPU
		{0091DF28-77B8-4D1F-9CA5-18987A89D39E}.Debug|Any CPU.ActiveCfg = Debug|Any CPU
		{0091DF28-77B8-4D1F-9CA5-18987A89D39E}.Debug|Any CPU.Build.0 = Debug|Any CPU
		{0091DF28-77B8-4D1F-9CA5-18987A89D39E}.Release|Any CPU.ActiveCfg = Release|Any CPU
		{0091DF28-77B8-4D1F-9CA5-18987A89D39E}.Release|Any CPU.Build.0 = Release|Any CPU
	EndGlobalSection
	GlobalSection(SolutionProperties) = preSolution
		HideSolutionNode = FALSE
	EndGlobalSection
	GlobalSection(NestedProjects) = preSolution
		{A612286F-6D2B-493D-8C78-B68F44B02936} = {6095A5D8-659C-4D88-A92F-CCBB81C9FC7D}
		{8839D585-03E1-4BBE-AAC6-731B40283DF9} = {6095A5D8-659C-4D88-A92F-CCBB81C9FC7D}
		{06220CB1-E775-45FC-A244-67BD29FC43D8} = {6095A5D8-659C-4D88-A92F-CCBB81C9FC7D}
		{BD20C5CD-36A8-45B1-8ED6-947294A8DA9A} = {6095A5D8-659C-4D88-A92F-CCBB81C9FC7D}
		{D06693F3-F4E1-47E9-A711-57C0A62BDA7A} = {A612286F-6D2B-493D-8C78-B68F44B02936}
		{190E6C51-A33A-4A1F-A44C-1ABBFE09F0C5} = {8839D585-03E1-4BBE-AAC6-731B40283DF9}
		{875FCC9E-658F-413E-A191-AE599842A244} = {8839D585-03E1-4BBE-AAC6-731B40283DF9}
		{DBF61B8B-3F54-407C-918C-3FFC963FE81D} = {8839D585-03E1-4BBE-AAC6-731B40283DF9}
		{C3E0AB53-613D-48AA-89D4-3698E36B2354} = {06220CB1-E775-45FC-A244-67BD29FC43D8}
		{80CD6BD6-5553-44D4-930E-170322DD4632} = {06220CB1-E775-45FC-A244-67BD29FC43D8}
		{2682612A-6089-4357-A6BB-EB1E012AE201} = {BD20C5CD-36A8-45B1-8ED6-947294A8DA9A}
		{CD515CB7-935E-40F5-AEB8-F49052393E73} = {BD20C5CD-36A8-45B1-8ED6-947294A8DA9A}
		{DD8C3F13-FE2C-49B9-9BB9-A3CFC1D21392} = {D06693F3-F4E1-47E9-A711-57C0A62BDA7A}
		{3BC706C1-F505-4CD8-99C9-28E7FA6BDCB5} = {190E6C51-A33A-4A1F-A44C-1ABBFE09F0C5}
		{3EBA1DC4-6EB8-497F-A43D-61A4854D7EEE} = {875FCC9E-658F-413E-A191-AE599842A244}
		{8A507AA1-BC71-4E0D-BF93-0C100C60FAB6} = {875FCC9E-658F-413E-A191-AE599842A244}
		{92346AF3-79FC-4E80-9241-1AC6211619A2} = {DBF61B8B-3F54-407C-918C-3FFC963FE81D}
		{0224986B-C333-49C0-ABAD-D3738D93F662} = {C3E0AB53-613D-48AA-89D4-3698E36B2354}
		{A0599A2A-EAA5-474C-AA6C-A24168AEBC83} = {C3E0AB53-613D-48AA-89D4-3698E36B2354}
		{686CBF30-F6A5-4118-BD8E-ED147DF78E62} = {80CD6BD6-5553-44D4-930E-170322DD4632}
		{1334DCC7-5284-47B4-918A-ABCF1C3100BF} = {2682612A-6089-4357-A6BB-EB1E012AE201}
		{FF2B76A3-EB7A-4708-822B-54CD212B9F3A} = {CD515CB7-935E-40F5-AEB8-F49052393E73}
		{5737D483-20EC-419C-A42D-B29E7DA66B8A} = {2682612A-6089-4357-A6BB-EB1E012AE201}
		{A7894BA8-042D-4BC7-91EF-C833AA2E075D} = {6095A5D8-659C-4D88-A92F-CCBB81C9FC7D}
		{7FBA8D6D-7095-49FC-8EB4-2977B7BCBEDB} = {A7894BA8-042D-4BC7-91EF-C833AA2E075D}
		{3199AD61-DB22-45C2-8746-A1DEA992EEBC} = {A7894BA8-042D-4BC7-91EF-C833AA2E075D}
		{D25C3FB9-E465-4FCB-B1FC-917F3BD87BFE} = {A612286F-6D2B-493D-8C78-B68F44B02936}
		{8601B3F0-B18E-4B0E-9F77-D62904C41887} = {D25C3FB9-E465-4FCB-B1FC-917F3BD87BFE}
		{40D02707-9E2A-4000-A4C1-5AEDC279BDFB} = {BD20C5CD-36A8-45B1-8ED6-947294A8DA9A}
		{75ABBDCA-881F-47E4-AC7E-FAE1ED717224} = {40D02707-9E2A-4000-A4C1-5AEDC279BDFB}
		{0091DF28-77B8-4D1F-9CA5-18987A89D39E} = {40D02707-9E2A-4000-A4C1-5AEDC279BDFB}
	EndGlobalSection
	GlobalSection(ExtensibilityGlobals) = postSolution
		SolutionGuid = {7A0DEF38-FD9C-4A8C-9F7C-06F73411D237}
	EndGlobalSection
EndGlobal
